{
  "name": "KoComponentManager",
  "version": "1.0.0",
  "lockfileVersion": 1,
  "requires": true,
  "dependencies": {
    "@types/jquery": {
      "version": "3.3.20",
      "resolved": "https://registry.npmjs.org/@types/jquery/-/jquery-3.3.20.tgz",
      "integrity": "sha512-KhSivq+f6wlxFW5sW+894kJtUe7xlmRCSRkDGpvnP2u/a5ppVIlwxZdMqsr8mqSoFGANbtj8yZgDwau5/Keg3Q==",
      "requires": {
        "@types/sizzle": "2.3.2"
      }
    },
    "@types/jquery.validation": {
      "version": "1.16.5",
      "resolved": "https://registry.npmjs.org/@types/jquery.validation/-/jquery.validation-1.16.5.tgz",
      "integrity": "sha512-KLSZQ6MBx4KbaPDP3WucqXkJojgI29+uVBkcHvzyAUUDdExkd60vNHc7++HhZokWk1e7EExxKHLDEAWaQWC2Vg==",
      "requires": {
        "@types/jquery": "3.3.20"
      }
    },
    "@types/knockout": {
      "version": "3.4.53",
      "resolved": "https://registry.npmjs.org/@types/knockout/-/knockout-3.4.53.tgz",
      "integrity": "sha512-SF5CN1Ltn/x2YR3X9K58B0cbP2PPBam8HrflGT8lhqTQTrbgt/eFSeOSS2vnWfCGJScyL8v9Xlwwbe6tvtMiMQ=="
    },
    "@types/sizzle": {
      "version": "2.3.2",
      "resolved": "https://registry.npmjs.org/@types/sizzle/-/sizzle-2.3.2.tgz",
      "integrity": "sha512-7EJYyKTL7tFR8+gDbB6Wwz/arpGa0Mywk1TJbNzKzHtzbwVmY4HR9WqS5VV7dsBUKQmPNr192jHr/VpBluj/hg=="
    }
  }
}
